
Microsoft Visual Studio Solution File, Format Version 12.00
# Visual Studio 14
VisualStudioVersion = 14.0.25123.0
MinimumVisualStudioVersion = 10.0.40219.1
Project("{FAE04EC0-301F-11D3-BF4B-00C04F79EFBC}") = "BackOffice.Host", "BackOffice.Host\BackOffice.Host.csproj", "{7F8BA6ED-21B2-4833-9C57-BE39A67BB630}"
EndProject
Project("{FAE04EC0-301F-11D3-BF4B-00C04F79EFBC}") = "BackOffice.Interfaces", "BackOffice.Interfaces\BackOffice.Interfaces.csproj", "{6E613BC6-4174-4E5D-921C-B6B92B0D8458}"
EndProject
Project("{FAE04EC0-301F-11D3-BF4B-00C04F79EFBC}") = "BackOffice.EventProviders.SqlEventProvider", "BackOffice.EventProviders.SqlEventProvider\BackOffice.EventProviders.SqlEventProvider.csproj", "{42686E88-237C-4F06-A63C-98FB0F9862E1}"
EndProject
Project("{FAE04EC0-301F-11D3-BF4B-00C04F79EFBC}") = "BackOffice", "BackOffice\BackOffice.csproj", "{98B17B06-6D00-4303-9F46-77576C56E46F}"
EndProject
Project("{FAE04EC0-301F-11D3-BF4B-00C04F79EFBC}") = "BackOffice.Common", "BackOffice.Common\BackOffice.Common.csproj", "{446E92BD-E769-4C02-BC84-6172C55995BB}"
EndProject
Project("{FAE04EC0-301F-11D3-BF4B-00C04F79EFBC}") = "BackOffice.Events", "BackOffice.Events\BackOffice.Events.csproj", "{333FEF9F-D1B2-4451-BA5D-B4DC0A653C37}"
EndProject
Project("{2150E333-8FDC-42A3-9474-1A3956D46DE8}") = "DBs", "DBs", "{83CB889B-AB4A-48DB-A73A-99CFACD43831}"
	ProjectSection(SolutionItems) = preProject
		DBs\BackOffice.ldf = DBs\BackOffice.ldf
		DBs\BackOffice.mdf = DBs\BackOffice.mdf
	EndProjectSection
EndProject
Project("{2150E333-8FDC-42A3-9474-1A3956D46DE8}") = "Solution Items", "Solution Items", "{C2D888FA-15B7-419C-B083-59E0E20F3A3B}"
	ProjectSection(SolutionItems) = preProject
		LICENSE = LICENSE
		README.md = README.md
	EndProjectSection
EndProject
Project("{FAE04EC0-301F-11D3-BF4B-00C04F79EFBC}") = "BackOffice.Jobs.Interfaces", "BackOffice.Jobs.Interfaces\BackOffice.Jobs.Interfaces.csproj", "{0F7AA34E-697B-49B4-9230-4ACD2983A264}"
EndProject
Project("{FAE04EC0-301F-11D3-BF4B-00C04F79EFBC}") = "BackOffice.Jobs.Queues.MongoDB", "BackOffice.Jobs.Queues.MongoDB\BackOffice.Jobs.Queues.MongoDB.csproj", "{2E1B3EEE-15E3-4BF2-810B-AB4E0CACC55E}"
EndProject
Global
	GlobalSection(SolutionConfigurationPlatforms) = preSolution
		Debug|Any CPU = Debug|Any CPU
		Release|Any CPU = Release|Any CPU
	EndGlobalSection
	GlobalSection(ProjectConfigurationPlatforms) = postSolution
		{7F8BA6ED-21B2-4833-9C57-BE39A67BB630}.Debug|Any CPU.ActiveCfg = Debug|Any CPU
		{7F8BA6ED-21B2-4833-9C57-BE39A67BB630}.Debug|Any CPU.Build.0 = Debug|Any CPU
		{7F8BA6ED-21B2-4833-9C57-BE39A67BB630}.Release|Any CPU.ActiveCfg = Release|Any CPU
		{7F8BA6ED-21B2-4833-9C57-BE39A67BB630}.Release|Any CPU.Build.0 = Release|Any CPU
		{6E613BC6-4174-4E5D-921C-B6B92B0D8458}.Debug|Any CPU.ActiveCfg = Debug|Any CPU
		{6E613BC6-4174-4E5D-921C-B6B92B0D8458}.Debug|Any CPU.Build.0 = Debug|Any CPU
		{6E613BC6-4174-4E5D-921C-B6B92B0D8458}.Release|Any CPU.ActiveCfg = Release|Any CPU
		{6E613BC6-4174-4E5D-921C-B6B92B0D8458}.Release|Any CPU.Build.0 = Release|Any CPU
		{42686E88-237C-4F06-A63C-98FB0F9862E1}.Debug|Any CPU.ActiveCfg = Debug|Any CPU
		{42686E88-237C-4F06-A63C-98FB0F9862E1}.Debug|Any CPU.Build.0 = Debug|Any CPU
		{42686E88-237C-4F06-A63C-98FB0F9862E1}.Release|Any CPU.ActiveCfg = Release|Any CPU
		{42686E88-237C-4F06-A63C-98FB0F9862E1}.Release|Any CPU.Build.0 = Release|Any CPU
		{98B17B06-6D00-4303-9F46-77576C56E46F}.Debug|Any CPU.ActiveCfg = Debug|Any CPU
		{98B17B06-6D00-4303-9F46-77576C56E46F}.Debug|Any CPU.Build.0 = Debug|Any CPU
		{98B17B06-6D00-4303-9F46-77576C56E46F}.Release|Any CPU.ActiveCfg = Release|Any CPU
		{98B17B06-6D00-4303-9F46-77576C56E46F}.Release|Any CPU.Build.0 = Release|Any CPU
		{446E92BD-E769-4C02-BC84-6172C55995BB}.Debug|Any CPU.ActiveCfg = Debug|Any CPU
		{446E92BD-E769-4C02-BC84-6172C55995BB}.Debug|Any CPU.Build.0 = Debug|Any CPU
		{446E92BD-E769-4C02-BC84-6172C55995BB}.Release|Any CPU.ActiveCfg = Release|Any CPU
		{446E92BD-E769-4C02-BC84-6172C55995BB}.Release|Any CPU.Build.0 = Release|Any CPU
		{333FEF9F-D1B2-4451-BA5D-B4DC0A653C37}.Debug|Any CPU.ActiveCfg = Debug|Any CPU
		{333FEF9F-D1B2-4451-BA5D-B4DC0A653C37}.Debug|Any CPU.Build.0 = Debug|Any CPU
		{333FEF9F-D1B2-4451-BA5D-B4DC0A653C37}.Release|Any CPU.ActiveCfg = Release|Any CPU
		{333FEF9F-D1B2-4451-BA5D-B4DC0A653C37}.Release|Any CPU.Build.0 = Release|Any CPU
		{0F7AA34E-697B-49B4-9230-4ACD2983A264}.Debug|Any CPU.ActiveCfg = Debug|Any CPU
		{0F7AA34E-697B-49B4-9230-4ACD2983A264}.Debug|Any CPU.Build.0 = Debug|Any CPU
		{0F7AA34E-697B-49B4-9230-4ACD2983A264}.Release|Any CPU.ActiveCfg = Release|Any CPU
		{0F7AA34E-697B-49B4-9230-4ACD2983A264}.Release|Any CPU.Build.0 = Release|Any CPU
		{2E1B3EEE-15E3-4BF2-810B-AB4E0CACC55E}.Debug|Any CPU.ActiveCfg = Debug|Any CPU
		{2E1B3EEE-15E3-4BF2-810B-AB4E0CACC55E}.Debug|Any CPU.Build.0 = Debug|Any CPU
		{2E1B3EEE-15E3-4BF2-810B-AB4E0CACC55E}.Release|Any CPU.ActiveCfg = Release|Any CPU
		{2E1B3EEE-15E3-4BF2-810B-AB4E0CACC55E}.Release|Any CPU.Build.0 = Release|Any CPU
	EndGlobalSection
	GlobalSection(SolutionProperties) = preSolution
		HideSolutionNode = FALSE
	EndGlobalSection
EndGlobal
